PODS:
  - GoogleMaps (2.1.1):
    - GoogleMaps/Maps (= 2.1.1)
  - GoogleMaps/Base (2.1.1)
  - GoogleMaps/Maps (2.1.1):
    - GoogleMaps/Base
  - React/Core (0.42.0):
    - React/cxxreact
    - Yoga (= 0.42.0.React)
  - React/cxxreact (0.42.0):
    - React/jschelpers
  - React/jschelpers (0.42.0)
  - React/RCTActionSheet (0.42.0):
    - React/Core
  - React/RCTAnimation (0.42.0):
    - React/Core
  - React/RCTGeolocation (0.42.0):
    - React/Core
  - React/RCTImage (0.42.0):
    - React/Core
    - React/RCTNetwork
  - React/RCTLinkingIOS (0.42.0):
    - React/Core
  - React/RCTNetwork (0.42.0):
    - React/Core
  - React/RCTSettings (0.42.0):
    - React/Core
  - React/RCTText (0.42.0):
    - React/Core
  - React/RCTVibration (0.42.0):
    - React/Core
  - React/RCTWebSocket (0.42.0):
    - React/Core
  - Yoga (0.42.0.React)

DEPENDENCIES:
  - GoogleMaps
  - React/Core (from `../node_modules/react-native`)
  - React/RCTActionSheet (from `../node_modules/react-native`)
  - React/RCTAnimation (from `../node_modules/react-native`)
  - React/RCTGeolocation (from `../node_modules/react-native`)
  - React/RCTImage (from `../node_modules/react-native`)
  - React/RCTLinkingIOS (from `../node_modules/react-native`)
  - React/RCTNetwork (from `../node_modules/react-native`)
  - React/RCTSettings (from `../node_modules/react-native`)
  - React/RCTText (from `../node_modules/react-native`)
  - React/RCTVibration (from `../node_modules/react-native`)
  - React/RCTWebSocket (from `../node_modules/react-native`)
  - Yoga (from `../node_modules/react-native/ReactCommon/yoga`)

EXTERNAL SOURCES:
  React:
    :path: ../node_modules/react-native
  Yoga:
    :path: ../node_modules/react-native/ReactCommon/yoga

SPEC CHECKSUMS:
  GoogleMaps: a5b5bbe47734e2443bde781a6aa64e69fdb6d785
  React: 8ec97f0d79ba31892c526cf56425937926cc9b48
  Yoga: 4183cc70cae189d73f996b1e40c3078aca9f96ef

PODFILE CHECKSUM: fd8babae637d8b18d92bcb1ca1fdf0d2e6b07f27

COCOAPODS: 1.2.0
